
Microsoft Visual Studio Solution File, Format Version 12.00
# Visual Studio Version 17
VisualStudioVersion = 17.7.34024.191
MinimumVisualStudioVersion = 10.0.40219.1
Project("{9A19103F-16F7-4668-BE54-9A1E7A4F7556}") = "Demo.PL", "Demo.PL\Demo.PL.csproj", "{39C932C0-6CED-41F1-BFAA-0B521D6FF11D}"
EndProject
Project("{9A19103F-16F7-4668-BE54-9A1E7A4F7556}") = "Demo.DAL", "Demo.DAL\Demo.DAL.csproj", "{D56B3B4F-9ED2-4FFF-B9AD-67796567F81C}"
EndProject
Project("{9A19103F-16F7-4668-BE54-9A1E7A4F7556}") = "Demo.BLL", "Demo.BLL\Demo.BLL.csproj", "{CFD5384F-93C1-4F0E-A6AF-AE17D64264A5}"
EndProject
Global
	GlobalSection(SolutionConfigurationPlatforms) = preSolution
		Debug|Any CPU = Debug|Any CPU
		Release|Any CPU = Release|Any CPU
	EndGlobalSection
	GlobalSection(ProjectConfigurationPlatforms) = postSolution
		{39C932C0-6CED-41F1-BFAA-0B521D6FF11D}.Debug|Any CPU.ActiveCfg = Debug|Any CPU
		{39C932C0-6CED-41F1-BFAA-0B521D6FF11D}.Debug|Any CPU.Build.0 = Debug|Any CPU
		{39C932C0-6CED-41F1-BFAA-0B521D6FF11D}.Release|Any CPU.ActiveCfg = Release|Any CPU
		{39C932C0-6CED-41F1-BFAA-0B521D6FF11D}.Release|Any CPU.Build.0 = Release|Any CPU
		{D56B3B4F-9ED2-4FFF-B9AD-67796567F81C}.Debug|Any CPU.ActiveCfg = Debug|Any CPU
		{D56B3B4F-9ED2-4FFF-B9AD-67796567F81C}.Debug|Any CPU.Build.0 = Debug|Any CPU
		{D56B3B4F-9ED2-4FFF-B9AD-67796567F81C}.Release|Any CPU.ActiveCfg = Release|Any CPU
		{D56B3B4F-9ED2-4FFF-B9AD-67796567F81C}.Release|Any CPU.Build.0 = Release|Any CPU
		{CFD5384F-93C1-4F0E-A6AF-AE17D64264A5}.Debug|Any CPU.ActiveCfg = Debug|Any CPU
		{CFD5384F-93C1-4F0E-A6AF-AE17D64264A5}.Debug|Any CPU.Build.0 = Debug|Any CPU
		{CFD5384F-93C1-4F0E-A6AF-AE17D64264A5}.Release|Any CPU.ActiveCfg = Release|Any CPU
		{CFD5384F-93C1-4F0E-A6AF-AE17D64264A5}.Release|Any CPU.Build.0 = Release|Any CPU
	EndGlobalSection
	GlobalSection(SolutionProperties) = preSolution
		HideSolutionNode = FALSE
	EndGlobalSection
	GlobalSection(ExtensibilityGlobals) = postSolution
		SolutionGuid = {A9BD69C5-DE32-4707-AEB6-6C621DC6DEFE}
	EndGlobalSection
EndGlobal
